// !$*UTF8*$!
{
	archiveVersion = 1;
	classes = {
	};
	objectVersion = 51;
	objects = {

/* Begin PBXBuildFile section */
		34BDBBFDD069BB510B4AD4E8 /* Pods_desafio.framework in Frameworks */ = {isa = PBXBuildFile; fileRef = E43EA39F7402425B52D9EBA4 /* Pods_desafio.framework */; };
		F55F87C226179E4C00FEEFB2 /* AppDelegate.swift in Sources */ = {isa = PBXBuildFile; fileRef = F55F87C126179E4C00FEEFB2 /* AppDelegate.swift */; };
		F55F87C426179E4C00FEEFB2 /* SceneDelegate.swift in Sources */ = {isa = PBXBuildFile; fileRef = F55F87C326179E4C00FEEFB2 /* SceneDelegate.swift */; };
		F55F87C626179E4C00FEEFB2 /* CardListVC.swift in Sources */ = {isa = PBXBuildFile; fileRef = F55F87C526179E4C00FEEFB2 /* CardListVC.swift */; };
		F55F87C926179E4C00FEEFB2 /* Main.storyboard in Resources */ = {isa = PBXBuildFile; fileRef = F55F87C726179E4C00FEEFB2 /* Main.storyboard */; };
		F55F87CB26179E4F00FEEFB2 /* Assets.xcassets in Resources */ = {isa = PBXBuildFile; fileRef = F55F87CA26179E4F00FEEFB2 /* Assets.xcassets */; };
		F55F87CE26179E4F00FEEFB2 /* LaunchScreen.storyboard in Resources */ = {isa = PBXBuildFile; fileRef = F55F87CC26179E4F00FEEFB2 /* LaunchScreen.storyboard */; };
		F5799A992619662F0029865F /* CardDetailVC.swift in Sources */ = {isa = PBXBuildFile; fileRef = F5799A982619662F0029865F /* CardDetailVC.swift */; };
		F5FED9D02617AF1B0058531A /* HTTPManager.swift in Sources */ = {isa = PBXBuildFile; fileRef = F5FED9CF2617AF1B0058531A /* HTTPManager.swift */; };
		F5FED9E12618977D0058531A /* CardListViewModel.swift in Sources */ = {isa = PBXBuildFile; fileRef = F5FED9E02618977D0058531A /* CardListViewModel.swift */; };
		F5FED9E426189DD00058531A /* CardListModel.swift in Sources */ = {isa = PBXBuildFile; fileRef = F5FED9E326189DD00058531A /* CardListModel.swift */; };
		F5FED9E726189DFC0058531A /* ErrorModel.swift in Sources */ = {isa = PBXBuildFile; fileRef = F5FED9E626189DFC0058531A /* ErrorModel.swift */; };
		F5FED9EE2618F02B0058531A /* SpinnerVC.swift in Sources */ = {isa = PBXBuildFile; fileRef = F5FED9ED2618F02B0058531A /* SpinnerVC.swift */; };
/* End PBXBuildFile section */

/* Begin PBXFileReference section */
		7AC230590C804D25ADC0C08A /* Pods-desafio.release.xcconfig */ = {isa = PBXFileReference; includeInIndex = 1; lastKnownFileType = text.xcconfig; name = "Pods-desafio.release.xcconfig"; path = "Target Support Files/Pods-desafio/Pods-desafio.release.xcconfig"; sourceTree = "<group>"; };
		BB9341A88F436ACBEABBD540 /* Pods-desafio.debug.xcconfig */ = {isa = PBXFileReference; includeInIndex = 1; lastKnownFileType = text.xcconfig; name = "Pods-desafio.debug.xcconfig"; path = "Target Support Files/Pods-desafio/Pods-desafio.debug.xcconfig"; sourceTree = "<group>"; };
		E43EA39F7402425B52D9EBA4 /* Pods_desafio.framework */ = {isa = PBXFileReference; explicitFileType = wrapper.framework; includeInIndex = 0; path = Pods_desafio.framework; sourceTree = BUILT_PRODUCTS_DIR; };
		F55F87BE26179E4C00FEEFB2 /* desafio.app */ = {isa = PBXFileReference; explicitFileType = wrapper.application; includeInIndex = 0; path = desafio.app; sourceTree = BUILT_PRODUCTS_DIR; };
		F55F87C126179E4C00FEEFB2 /* AppDelegate.swift */ = {isa = PBXFileReference; lastKnownFileType = sourcecode.swift; path = AppDelegate.swift; sourceTree = "<group>"; };
		F55F87C326179E4C00FEEFB2 /* SceneDelegate.swift */ = {isa = PBXFileReference; lastKnownFileType = sourcecode.swift; path = SceneDelegate.swift; sourceTree = "<group>"; };
		F55F87C526179E4C00FEEFB2 /* CardListVC.swift */ = {isa = PBXFileReference; lastKnownFileType = sourcecode.swift; path = CardListVC.swift; sourceTree = "<group>"; };
		F55F87C826179E4C00FEEFB2 /* Base */ = {isa = PBXFileReference; lastKnownFileType = file.storyboard; name = Base; path = Base.lproj/Main.storyboard; sourceTree = "<group>"; };
		F55F87CA26179E4F00FEEFB2 /* Assets.xcassets */ = {isa = PBXFileReference; lastKnownFileType = folder.assetcatalog; path = Assets.xcassets; sourceTree = "<group>"; };
		F55F87CD26179E4F00FEEFB2 /* Base */ = {isa = PBXFileReference; lastKnownFileType = file.storyboard; name = Base; path = Base.lproj/LaunchScreen.storyboard; sourceTree = "<group>"; };
		F55F87CF26179E4F00FEEFB2 /* Info.plist */ = {isa = PBXFileReference; lastKnownFileType = text.plist.xml; path = Info.plist; sourceTree = "<group>"; };
		F5799A982619662F0029865F /* CardDetailVC.swift */ = {isa = PBXFileReference; lastKnownFileType = sourcecode.swift; path = CardDetailVC.swift; sourceTree = "<group>"; };
		F5FED9CF2617AF1B0058531A /* HTTPManager.swift */ = {isa = PBXFileReference; lastKnownFileType = sourcecode.swift; path = HTTPManager.swift; sourceTree = "<group>"; };
		F5FED9E02618977D0058531A /* CardListViewModel.swift */ = {isa = PBXFileReference; lastKnownFileType = sourcecode.swift; path = CardListViewModel.swift; sourceTree = "<group>"; };
		F5FED9E326189DD00058531A /* CardListModel.swift */ = {isa = PBXFileReference; lastKnownFileType = sourcecode.swift; path = CardListModel.swift; sourceTree = "<group>"; };
		F5FED9E626189DFC0058531A /* ErrorModel.swift */ = {isa = PBXFileReference; lastKnownFileType = sourcecode.swift; path = ErrorModel.swift; sourceTree = "<group>"; };
		F5FED9ED2618F02B0058531A /* SpinnerVC.swift */ = {isa = PBXFileReference; lastKnownFileType = sourcecode.swift; path = SpinnerVC.swift; sourceTree = "<group>"; };
/* End PBXFileReference section */

/* Begin PBXFrameworksBuildPhase section */
		F55F87BB26179E4C00FEEFB2 /* Frameworks */ = {
			isa = PBXFrameworksBuildPhase;
			buildActionMask = 2147483647;
			files = (
				34BDBBFDD069BB510B4AD4E8 /* Pods_desafio.framework in Frameworks */,
			);
			runOnlyForDeploymentPostprocessing = 0;
		};
/* End PBXFrameworksBuildPhase section */

/* Begin PBXGroup section */
		4AC5140FCC0C1AF1638723B0 /* Frameworks */ = {
			isa = PBXGroup;
			children = (
				E43EA39F7402425B52D9EBA4 /* Pods_desafio.framework */,
			);
			name = Frameworks;
			sourceTree = "<group>";
		};
		8785A324532D03FF0618707E /* Pods */ = {
			isa = PBXGroup;
			children = (
				BB9341A88F436ACBEABBD540 /* Pods-desafio.debug.xcconfig */,
				7AC230590C804D25ADC0C08A /* Pods-desafio.release.xcconfig */,
			);
			path = Pods;
			sourceTree = "<group>";
		};
		F55F87B526179E4C00FEEFB2 = {
			isa = PBXGroup;
			children = (
				F55F87C026179E4C00FEEFB2 /* desafio */,
				F55F87BF26179E4C00FEEFB2 /* Products */,
				8785A324532D03FF0618707E /* Pods */,
				4AC5140FCC0C1AF1638723B0 /* Frameworks */,
			);
			sourceTree = "<group>";
		};
		F55F87BF26179E4C00FEEFB2 /* Products */ = {
			isa = PBXGroup;
			children = (
				F55F87BE26179E4C00FEEFB2 /* desafio.app */,
			);
			name = Products;
			sourceTree = "<group>";
		};
		F55F87C026179E4C00FEEFB2 /* desafio */ = {
			isa = PBXGroup;
			children = (
				F5FED9CD2617AAC80058531A /* view */,
				F5FED9CC2617AAB10058531A /* viewModel */,
				F5FED9CB2617AA9D0058531A /* model */,
				F5FED9CA2617AA8E0058531A /* service */,
				F55F87C126179E4C00FEEFB2 /* AppDelegate.swift */,
				F55F87C326179E4C00FEEFB2 /* SceneDelegate.swift */,
				F55F87CA26179E4F00FEEFB2 /* Assets.xcassets */,
				F55F87CC26179E4F00FEEFB2 /* LaunchScreen.storyboard */,
				F55F87CF26179E4F00FEEFB2 /* Info.plist */,
			);
			path = desafio;
			sourceTree = "<group>";
		};
		F5FED9CA2617AA8E0058531A /* service */ = {
			isa = PBXGroup;
			children = (
				F5FED9CF2617AF1B0058531A /* HTTPManager.swift */,
			);
			name = service;
			sourceTree = "<group>";
		};
		F5FED9CB2617AA9D0058531A /* model */ = {
			isa = PBXGroup;
			children = (
				F5FED9E326189DD00058531A /* CardListModel.swift */,
				F5FED9E626189DFC0058531A /* ErrorModel.swift */,
			);
			path = model;
			sourceTree = "<group>";
		};
		F5FED9CC2617AAB10058531A /* viewModel */ = {
			isa = PBXGroup;
			children = (
				F5FED9E02618977D0058531A /* CardListViewModel.swift */,
			);
			name = viewModel;
			sourceTree = "<group>";
		};
		F5FED9CD2617AAC80058531A /* view */ = {
			isa = PBXGroup;
			children = (
				F55F87C726179E4C00FEEFB2 /* Main.storyboard */,
				F55F87C526179E4C00FEEFB2 /* CardListVC.swift */,
				F5FED9ED2618F02B0058531A /* SpinnerVC.swift */,
				F5799A982619662F0029865F /* CardDetailVC.swift */,
			);
			path = view;
			sourceTree = "<group>";
		};
/* End PBXGroup section */

/* Begin PBXNativeTarget section */
		F55F87BD26179E4C00FEEFB2 /* desafio */ = {
			isa = PBXNativeTarget;
			buildConfigurationList = F55F87D226179E4F00FEEFB2 /* Build configuration list for PBXNativeTarget "desafio" */;
			buildPhases = (
				1A15321D3C6D886DEA1E65B0 /* [CP] Check Pods Manifest.lock */,
				F55F87BA26179E4C00FEEFB2 /* Sources */,
				F55F87BB26179E4C00FEEFB2 /* Frameworks */,
				F55F87BC26179E4C00FEEFB2 /* Resources */,
				F9AC1DD08B2F52FF5494A04D /* [CP] Embed Pods Frameworks */,
			);
			buildRules = (
			);
			dependencies = (
			);
			name = desafio;
			productName = desafio;
			productReference = F55F87BE26179E4C00FEEFB2 /* desafio.app */;
			productType = "com.apple.product-type.application";
		};
/* End PBXNativeTarget section */

/* Begin PBXProject section */
		F55F87B626179E4C00FEEFB2 /* Project object */ = {
			isa = PBXProject;
			attributes = {
				LastSwiftUpdateCheck = 1240;
				LastUpgradeCheck = 1240;
				TargetAttributes = {
					F55F87BD26179E4C00FEEFB2 = {
						CreatedOnToolsVersion = 12.4;
					};
				};
			};
			buildConfigurationList = F55F87B926179E4C00FEEFB2 /* Build configuration list for PBXProject "desafio" */;
			compatibilityVersion = "Xcode 9.3";
			developmentRegion = en;
			hasScannedForEncodings = 0;
			knownRegions = (
				en,
				Base,
			);
			mainGroup = F55F87B526179E4C00FEEFB2;
			productRefGroup = F55F87BF26179E4C00FEEFB2 /* Products */;
			projectDirPath = "";
			projectRoot = "";
			targets = (
				F55F87BD26179E4C00FEEFB2 /* desafio */,
			);
		};
/* End PBXProject section */

/* Begin PBXResourcesBuildPhase section */
		F55F87BC26179E4C00FEEFB2 /* Resources */ = {
			isa = PBXResourcesBuildPhase;
			buildActionMask = 2147483647;
			files = (
				F55F87CE26179E4F00FEEFB2 /* LaunchScreen.storyboard in Resources */,
				F55F87CB26179E4F00FEEFB2 /* Assets.xcassets in Resources */,
				F55F87C926179E4C00FEEFB2 /* Main.storyboard in Resources */,
			);
			runOnlyForDeploymentPostprocessing = 0;
		};
/* End PBXResourcesBuildPhase section */

/* Begin PBXShellScriptBuildPhase section */
		1A15321D3C6D886DEA1E65B0 /* [CP] Check Pods Manifest.lock */ = {
			isa = PBXShellScriptBuildPhase;
			buildActionMask = 2147483647;
			files = (
			);
			inputFileListPaths = (
			);
			inputPaths = (
				"${PODS_PODFILE_DIR_PATH}/Podfile.lock",
				"${PODS_ROOT}/Manifest.lock",
			);
			name = "[CP] Check Pods Manifest.lock";
			outputFileListPaths = (
			);
			outputPaths = (
				"$(DERIVED_FILE_DIR)/Pods-desafio-checkManifestLockResult.txt",
			);
			runOnlyForDeploymentPostprocessing = 0;
			shellPath = /bin/sh;
			shellScript = "diff \"${PODS_PODFILE_DIR_PATH}/Podfile.lock\" \"${PODS_ROOT}/Manifest.lock\" > /dev/null\nif [ $? != 0 ] ; then\n    # print error to STDERR\n    echo \"error: The sandbox is not in sync with the Podfile.lock. Run 'pod install' or update your CocoaPods installation.\" >&2\n    exit 1\nfi\n# This output is used by Xcode 'outputs' to avoid re-running this script phase.\necho \"SUCCESS\" > \"${SCRIPT_OUTPUT_FILE_0}\"\n";
			showEnvVarsInLog = 0;
		};
		F9AC1DD08B2F52FF5494A04D /* [CP] Embed Pods Frameworks */ = {
			isa = PBXShellScriptBuildPhase;
			buildActionMask = 2147483647;
			files = (
			);
			inputFileListPaths = (
				"${PODS_ROOT}/Target Support Files/Pods-desafio/Pods-desafio-frameworks-${CONFIGURATION}-input-files.xcfilelist",
			);
			name = "[CP] Embed Pods Frameworks";
			outputFileListPaths = (
				"${PODS_ROOT}/Target Support Files/Pods-desafio/Pods-desafio-frameworks-${CONFIGURATION}-output-files.xcfilelist",
			);
			runOnlyForDeploymentPostprocessing = 0;
			shellPath = /bin/sh;
			shellScript = "\"${PODS_ROOT}/Target Support Files/Pods-desafio/Pods-desafio-frameworks.sh\"\n";
			showEnvVarsInLog = 0;
		};
/* End PBXShellScriptBuildPhase section */

/* Begin PBXSourcesBuildPhase section */
		F55F87BA26179E4C00FEEFB2 /* Sources */ = {
			isa = PBXSourcesBuildPhase;
			buildActionMask = 2147483647;
			files = (
				F5FED9E726189DFC0058531A /* ErrorModel.swift in Sources */,
				F5799A992619662F0029865F /* CardDetailVC.swift in Sources */,
				F5FED9E12618977D0058531A /* CardListViewModel.swift in Sources */,
				F55F87C626179E4C00FEEFB2 /* CardListVC.swift in Sources */,
				F55F87C226179E4C00FEEFB2 /* AppDelegate.swift in Sources */,
				F5FED9EE2618F02B0058531A /* SpinnerVC.swift in Sources */,
				F55F87C426179E4C00FEEFB2 /* SceneDelegate.swift in Sources */,
				F5FED9D02617AF1B0058531A /* HTTPManager.swift in Sources */,
				F5FED9E426189DD00058531A /* CardListModel.swift in Sources */,
			);
			runOnlyForDeploymentPostprocessing = 0;
		};
/* End PBXSourcesBuildPhase section */

/* Begin PBXVariantGroup section */
		F55F87C726179E4C00FEEFB2 /* Main.storyboard */ = {
			isa = PBXVariantGroup;
			children = (
				F55F87C826179E4C00FEEFB2 /* Base */,
			);
			name = Main.storyboard;
			sourceTree = "<group>";
		};
		F55F87CC26179E4F00FEEFB2 /* LaunchScreen.storyboard */ = {
			isa = PBXVariantGroup;
			children = (
				F55F87CD26179E4F00FEEFB2 /* Base */,
			);
			name = LaunchScreen.storyboard;
			sourceTree = "<group>";
		};
/* End PBXVariantGroup section */

/* Begin XCBuildConfiguration section */
		F55F87D026179E4F00FEEFB2 /* Debug */ = {
			isa = XCBuildConfiguration;
			buildSettings = {
				ALWAYS_SEARCH_USER_PATHS = NO;
				CLANG_ANALYZER_NONNULL = YES;
				CLANG_ANALYZER_NUMBER_OBJECT_CONVERSION = YES_AGGRESSIVE;
				CLANG_CXX_LANGUAGE_STANDARD = "gnu++14";
				CLANG_CXX_LIBRARY = "libc++";
				CLANG_ENABLE_MODULES = YES;
				CLANG_ENABLE_OBJC_ARC = YES;
				CLANG_ENABLE_OBJC_WEAK = YES;
				CLANG_WARN_BLOCK_CAPTURE_AUTORELEASING = YES;
				CLANG_WARN_BOOL_CONVERSION = YES;
				CLANG_WARN_COMMA = YES;
				CLANG_WARN_CONSTANT_CONVERSION = YES;
				CLANG_WARN_DEPRECATED_OBJC_IMPLEMENTATIONS = YES;
				CLANG_WARN_DIRECT_OBJC_ISA_USAGE = YES_ERROR;
				CLANG_WARN_DOCUMENTATION_COMMENTS = YES;
				CLANG_WARN_EMPTY_BODY = YES;
				CLANG_WARN_ENUM_CONVERSION = YES;
				CLANG_WARN_INFINITE_RECURSION = YES;
				CLANG_WARN_INT_CONVERSION = YES;
				CLANG_WARN_NON_LITERAL_NULL_CONVERSION = YES;
				CLANG_WARN_OBJC_IMPLICIT_RETAIN_SELF = YES;
				CLANG_WARN_OBJC_LITERAL_CONVERSION = YES;
				CLANG_WARN_OBJC_ROOT_CLASS = YES_ERROR;
				CLANG_WARN_QUOTED_INCLUDE_IN_FRAMEWORK_HEADER = YES;
				CLANG_WARN_RANGE_LOOP_ANALYSIS = YES;
				CLANG_WARN_STRICT_PROTOTYPES = YES;
				CLANG_WARN_SUSPICIOUS_MOVE = YES;
				CLANG_WARN_UNGUARDED_AVAILABILITY = YES_AGGRESSIVE;
				CLANG_WARN_UNREACHABLE_CODE = YES;
				CLANG_WARN__DUPLICATE_METHOD_MATCH = YES;
				COPY_PHASE_STRIP = NO;
				DEBUG_INFORMATION_FORMAT = dwarf;
				ENABLE_STRICT_OBJC_MSGSEND = YES;
				ENABLE_TESTABILITY = YES;
				GCC_C_LANGUAGE_STANDARD = gnu11;
				GCC_DYNAMIC_NO_PIC = NO;
				GCC_NO_COMMON_BLOCKS = YES;
				GCC_OPTIMIZATION_LEVEL = 0;
				GCC_PREPROCESSOR_DEFINITIONS = (
					"DEBUG=1",
					"$(inherited)",
				);
				GCC_WARN_64_TO_32_BIT_CONVERSION = YES;
				GCC_WARN_ABOUT_RETURN_TYPE = YES_ERROR;
				GCC_WARN_UNDECLARED_SELECTOR = YES;
				GCC_WARN_UNINITIALIZED_AUTOS = YES_AGGRESSIVE;
				GCC_WARN_UNUSED_FUNCTION = YES;
				GCC_WARN_UNUSED_VARIABLE = YES;
				IPHONEOS_DEPLOYMENT_TARGET = 14.4;
				MTL_ENABLE_DEBUG_INFO = INCLUDE_SOURCE;
				MTL_FAST_MATH = YES;
				ONLY_ACTIVE_ARCH = YES;
				SDKROOT = iphoneos;
				SWIFT_ACTIVE_COMPILATION_CONDITIONS = DEBUG;
				SWIFT_OPTIMIZATION_LEVEL = "-Onone";
			};
			name = Debug;
		};
		F55F87D126179E4F00FEEFB2 /* Release */ = {
			isa = XCBuildConfiguration;
			buildSettings = {
				ALWAYS_SEARCH_USER_PATHS = NO;
				CLANG_ANALYZER_NONNULL = YES;
				CLANG_ANALYZER_NUMBER_OBJECT_CONVERSION = YES_AGGRESSIVE;
				CLANG_CXX_LANGUAGE_STANDARD = "gnu++14";
				CLANG_CXX_LIBRARY = "libc++";
				CLANG_ENABLE_MODULES = YES;
				CLANG_ENABLE_OBJC_ARC = YES;
				CLANG_ENABLE_OBJC_WEAK = YES;
				CLANG_WARN_BLOCK_CAPTURE_AUTORELEASING = YES;
				CLANG_WARN_BOOL_CONVERSION = YES;
				CLANG_WARN_COMMA = YES;
				CLANG_WARN_CONSTANT_CONVERSION = YES;
				CLANG_WARN_DEPRECATED_OBJC_IMPLEMENTATIONS = YES;
				CLANG_WARN_DIRECT_OBJC_ISA_USAGE = YES_ERROR;
				CLANG_WARN_DOCUMENTATION_COMMENTS = YES;
				CLANG_WARN_EMPTY_BODY = YES;
				CLANG_WARN_ENUM_CONVERSION = YES;
				CLANG_WARN_INFINITE_RECURSION = YES;
				CLANG_WARN_INT_CONVERSION = YES;
				CLANG_WARN_NON_LITERAL_NULL_CONVERSION = YES;
				CLANG_WARN_OBJC_IMPLICIT_RETAIN_SELF = YES;
				CLANG_WARN_OBJC_LITERAL_CONVERSION = YES;
				CLANG_WARN_OBJC_ROOT_CLASS = YES_ERROR;
				CLANG_WARN_QUOTED_INCLUDE_IN_FRAMEWORK_HEADER = YES;
				CLANG_WARN_RANGE_LOOP_ANALYSIS = YES;
				CLANG_WARN_STRICT_PROTOTYPES = YES;
				CLANG_WARN_SUSPICIOUS_MOVE = YES;
				CLANG_WARN_UNGUARDED_AVAILABILITY = YES_AGGRESSIVE;
				CLANG_WARN_UNREACHABLE_CODE = YES;
				CLANG_WARN__DUPLICATE_METHOD_MATCH = YES;
				COPY_PHASE_STRIP = NO;
				DEBUG_INFORMATION_FORMAT = "dwarf-with-dsym";
				ENABLE_NS_ASSERTIONS = NO;
				ENABLE_STRICT_OBJC_MSGSEND = YES;
				GCC_C_LANGUAGE_STANDARD = gnu11;
				GCC_NO_COMMON_BLOCKS = YES;
				GCC_WARN_64_TO_32_BIT_CONVERSION = YES;
				GCC_WARN_ABOUT_RETURN_TYPE = YES_ERROR;
				GCC_WARN_UNDECLARED_SELECTOR = YES;
				GCC_WARN_UNINITIALIZED_AUTOS = YES_AGGRESSIVE;
				GCC_WARN_UNUSED_FUNCTION = YES;
				GCC_WARN_UNUSED_VARIABLE = YES;
				IPHONEOS_DEPLOYMENT_TARGET = 14.4;
				MTL_ENABLE_DEBUG_INFO = NO;
				MTL_FAST_MATH = YES;
				SDKROOT = iphoneos;
				SWIFT_COMPILATION_MODE = wholemodule;
				SWIFT_OPTIMIZATION_LEVEL = "-O";
				VALIDATE_PRODUCT = YES;
			};
			name = Release;
		};
		F55F87D326179E4F00FEEFB2 /* Debug */ = {
			isa = XCBuildConfiguration;
			baseConfigurationReference = BB9341A88F436ACBEABBD540 /* Pods-desafio.debug.xcconfig */;
			buildSettings = {
				ASSETCATALOG_COMPILER_APPICON_NAME = AppIcon;
				ASSETCATALOG_COMPILER_GLOBAL_ACCENT_COLOR_NAME = AccentColor;
				CODE_SIGN_STYLE = Automatic;
				INFOPLIST_FILE = desafio/Info.plist;
				LD_RUNPATH_SEARCH_PATHS = (
					"$(inherited)",
					"@executable_path/Frameworks",
				);
				PRODUCT_BUNDLE_IDENTIFIER = com.south.desafio;
				PRODUCT_NAME = "$(TARGET_NAME)";
				SWIFT_VERSION = 5.0;
				TARGETED_DEVICE_FAMILY = "1,2";
			};
			name = Debug;
		};
		F55F87D426179E4F00FEEFB2 /* Release */ = {
			isa = XCBuildConfiguration;
			baseConfigurationReference = 7AC230590C804D25ADC0C08A /* Pods-desafio.release.xcconfig */;
			buildSettings = {
				ASSETCATALOG_COMPILER_APPICON_NAME = AppIcon;
				ASSETCATALOG_COMPILER_GLOBAL_ACCENT_COLOR_NAME = AccentColor;
				CODE_SIGN_STYLE = Automatic;
				INFOPLIST_FILE = desafio/Info.plist;
				LD_RUNPATH_SEARCH_PATHS = (
					"$(inherited)",
					"@executable_path/Frameworks",
				);
				PRODUCT_BUNDLE_IDENTIFIER = com.south.desafio;
				PRODUCT_NAME = "$(TARGET_NAME)";
				SWIFT_VERSION = 5.0;
				TARGETED_DEVICE_FAMILY = "1,2";
			};
			name = Release;
		};
/* End XCBuildConfiguration section */

/* Begin XCConfigurationList section */
		F55F87B926179E4C00FEEFB2 /* Build configuration list for PBXProject "desafio" */ = {
			isa = XCConfigurationList;
			buildConfigurations = (
				F55F87D026179E4F00FEEFB2 /* Debug */,
				F55F87D126179E4F00FEEFB2 /* Release */,
			);
			defaultConfigurationIsVisible = 0;
			defaultConfigurationName = Release;
		};
		F55F87D226179E4F00FEEFB2 /* Build configuration list for PBXNativeTarget "desafio" */ = {
			isa = XCConfigurationList;
			buildConfigurations = (
				F55F87D326179E4F00FEEFB2 /* Debug */,
				F55F87D426179E4F00FEEFB2 /* Release */,
			);
			defaultConfigurationIsVisible = 0;
			defaultConfigurationName = Release;
		};
/* End XCConfigurationList section */
	};
	rootObject = F55F87B626179E4C00FEEFB2 /* Project object */;
}
